
Microsoft Visual Studio Solution File, Format Version 12.00
Project("{FAE04EC0-301F-11D3-BF4B-00C04F79EFBC}") = "Community.PowerToys.Run.Plugin.GeoGuessr", "Community.PowerToys.Run.Plugin.GeoGuessr\Community.PowerToys.Run.Plugin.GeoGuessr.csproj", "{77F3BA97-38C6-4452-B128-F24E1B7E7B44}"
EndProject
Global
	GlobalSection(SolutionConfigurationPlatforms) = preSolution
		Debug|x64 = Debug|x64
		Release|x64 = Release|x64
		Debug|ARM64 = Debug|ARM64
		Release|ARM64 = Release|ARM64
	EndGlobalSection
	GlobalSection(SolutionProperties) = preSolution
		HideSolutionNode = FALSE
	EndGlobalSection
	GlobalSection(ProjectConfigurationPlatforms) = postSolution
        {77F3BA97-38C6-4452-B128-F24E1B7E7B44}.Debug|x64.ActiveCfg = Debug|x64
        {77F3BA97-38C6-4452-B128-F24E1B7E7B44}.Debug|x64.Build.0 = Debug|x64
        {77F3BA97-38C6-4452-B128-F24E1B7E7B44}.Release|x64.ActiveCfg = Release|x64
        {77F3BA97-38C6-4452-B128-F24E1B7E7B44}.Release|x64.Build.0 = Release|x64
        {77F3BA97-38C6-4452-B128-F24E1B7E7B44}.Debug|ARM64.ActiveCfg = Debug|ARM64
        {77F3BA97-38C6-4452-B128-F24E1B7E7B44}.Debug|ARM64.Build.0 = Debug|ARM64
        {77F3BA97-38C6-4452-B128-F24E1B7E7B44}.Release|ARM64.ActiveCfg = Release|ARM64
        {77F3BA97-38C6-4452-B128-F24E1B7E7B44}.Release|ARM64.Build.0 = Release|ARM64
	EndGlobalSection
EndGlobal
