
Microsoft Visual Studio Solution File, Format Version 12.00
# Visual Studio Version 17
VisualStudioVersion = 17.12.35521.163
MinimumVisualStudioVersion = 10.0.40219.1
Project("{FAE04EC0-301F-11D3-BF4B-00C04F79EFBC}") = "Community.PowerToys.Run.Plugin.CountrySearch", "Community.PowerToys.Run.Plugin.CountrySearch\Community.PowerToys.Run.Plugin.CountrySearch.csproj", "{77F3BA97-38C6-4452-B128-F24E1B7E7B44}"
EndProject
Project("{FAE04EC0-301F-11D3-BF4B-00C04F79EFBC}") = "Community.PowerToys.Run.Plugin.CountrySearch.UnitTest", "Community.PowerToys.Run.Plugin.CountrySearch.UnitTest\Community.PowerToys.Run.Plugin.CountrySearch.UnitTest.csproj", "{B8E64D81-6266-4D08-9339-0C6E95599992}"
EndProject
Project("{FAE04EC0-301F-11D3-BF4B-00C04F79EFBC}") = "Community.PowerToys.Run.Plugin.CountrySearch.Generator", "Community.PowerToys.Run.Plugin.CountrySearch.Generator\Community.PowerToys.Run.Plugin.CountrySearch.Generator.csproj", "{52544E64-F8E6-4A80-B958-A6CC6DDE0AA5}"
EndProject
Global
	GlobalSection(SolutionConfigurationPlatforms) = preSolution
		Debug|ARM64 = Debug|ARM64
		Debug|x64 = Debug|x64
		Release|ARM64 = Release|ARM64
		Release|x64 = Release|x64
	EndGlobalSection
	GlobalSection(ProjectConfigurationPlatforms) = postSolution
		{77F3BA97-38C6-4452-B128-F24E1B7E7B44}.Debug|ARM64.ActiveCfg = Debug|ARM64
		{77F3BA97-38C6-4452-B128-F24E1B7E7B44}.Debug|ARM64.Build.0 = Debug|ARM64
		{77F3BA97-38C6-4452-B128-F24E1B7E7B44}.Debug|x64.ActiveCfg = Debug|x64
		{77F3BA97-38C6-4452-B128-F24E1B7E7B44}.Debug|x64.Build.0 = Debug|x64
		{77F3BA97-38C6-4452-B128-F24E1B7E7B44}.Release|ARM64.ActiveCfg = Release|ARM64
		{77F3BA97-38C6-4452-B128-F24E1B7E7B44}.Release|ARM64.Build.0 = Release|ARM64
		{77F3BA97-38C6-4452-B128-F24E1B7E7B44}.Release|x64.ActiveCfg = Release|x64
		{77F3BA97-38C6-4452-B128-F24E1B7E7B44}.Release|x64.Build.0 = Release|x64
		{B8E64D81-6266-4D08-9339-0C6E95599992}.Debug|ARM64.ActiveCfg = Debug|ARM64
		{B8E64D81-6266-4D08-9339-0C6E95599992}.Debug|ARM64.Build.0 = Debug|ARM64
		{B8E64D81-6266-4D08-9339-0C6E95599992}.Debug|x64.ActiveCfg = Debug|x64
		{B8E64D81-6266-4D08-9339-0C6E95599992}.Debug|x64.Build.0 = Debug|x64
		{B8E64D81-6266-4D08-9339-0C6E95599992}.Release|ARM64.ActiveCfg = Release|ARM64
		{B8E64D81-6266-4D08-9339-0C6E95599992}.Release|ARM64.Build.0 = Release|ARM64
		{B8E64D81-6266-4D08-9339-0C6E95599992}.Release|x64.ActiveCfg = Release|x64
		{B8E64D81-6266-4D08-9339-0C6E95599992}.Release|x64.Build.0 = Release|x64
		{52544E64-F8E6-4A80-B958-A6CC6DDE0AA5}.Debug|ARM64.ActiveCfg = Debug|x64
		{52544E64-F8E6-4A80-B958-A6CC6DDE0AA5}.Debug|ARM64.Build.0 = Debug|x64
		{52544E64-F8E6-4A80-B958-A6CC6DDE0AA5}.Debug|x64.ActiveCfg = Debug|x64
		{52544E64-F8E6-4A80-B958-A6CC6DDE0AA5}.Debug|x64.Build.0 = Debug|x64
		{52544E64-F8E6-4A80-B958-A6CC6DDE0AA5}.Release|ARM64.ActiveCfg = Release|x64
		{52544E64-F8E6-4A80-B958-A6CC6DDE0AA5}.Release|ARM64.Build.0 = Release|x64
		{52544E64-F8E6-4A80-B958-A6CC6DDE0AA5}.Release|x64.ActiveCfg = Release|x64
		{52544E64-F8E6-4A80-B958-A6CC6DDE0AA5}.Release|x64.Build.0 = Release|x64
	EndGlobalSection
	GlobalSection(SolutionProperties) = preSolution
		HideSolutionNode = FALSE
	EndGlobalSection
EndGlobal
